
Microsoft Visual Studio Solution File, Format Version 12.00
Project("{FAE04EC0-301F-11D3-BF4B-00C04F79EFBC}") = "BookApp", "BookApp\BookApp\BookApp.csproj", "{D74FFFF6-1517-4267-B17A-50B09A82302E}"
EndProject
Project("{FAE04EC0-301F-11D3-BF4B-00C04F79EFBC}") = "BookApp.Droid", "BookApp\BookApp.Droid\BookApp.Droid.csproj", "{0C7AE0A2-02F3-494E-8A00-22D6C2FD35A1}"
EndProject
Project("{FAE04EC0-301F-11D3-BF4B-00C04F79EFBC}") = "BookApp.iOS", "BookApp\BookApp.iOS\BookApp.iOS.csproj", "{F03060DC-F8FC-46BF-AD84-63CE64B7EAD3}"
EndProject
Global
	GlobalSection(SolutionConfigurationPlatforms) = preSolution
		Ad-Hoc|iPhone = Ad-Hoc|iPhone
		AppStore|iPhone = AppStore|iPhone
		Debug|Any CPU = Debug|Any CPU
		Debug|iPhone = Debug|iPhone
		Debug|iPhoneSimulator = Debug|iPhoneSimulator
		Release|Any CPU = Release|Any CPU
		Release|iPhone = Release|iPhone
		Release|iPhoneSimulator = Release|iPhoneSimulator
	EndGlobalSection
	GlobalSection(ProjectConfigurationPlatforms) = postSolution
		{D74FFFF6-1517-4267-B17A-50B09A82302E}.Ad-Hoc|iPhone.ActiveCfg = Debug|Any CPU
		{D74FFFF6-1517-4267-B17A-50B09A82302E}.Ad-Hoc|iPhone.Build.0 = Debug|Any CPU
		{D74FFFF6-1517-4267-B17A-50B09A82302E}.AppStore|iPhone.ActiveCfg = Debug|Any CPU
		{D74FFFF6-1517-4267-B17A-50B09A82302E}.AppStore|iPhone.Build.0 = Debug|Any CPU
		{D74FFFF6-1517-4267-B17A-50B09A82302E}.Debug|Any CPU.ActiveCfg = Debug|Any CPU
		{D74FFFF6-1517-4267-B17A-50B09A82302E}.Debug|Any CPU.Build.0 = Debug|Any CPU
		{D74FFFF6-1517-4267-B17A-50B09A82302E}.Debug|iPhone.ActiveCfg = Debug|Any CPU
		{D74FFFF6-1517-4267-B17A-50B09A82302E}.Debug|iPhone.Build.0 = Debug|Any CPU
		{D74FFFF6-1517-4267-B17A-50B09A82302E}.Debug|iPhoneSimulator.ActiveCfg = Debug|Any CPU
		{D74FFFF6-1517-4267-B17A-50B09A82302E}.Debug|iPhoneSimulator.Build.0 = Debug|Any CPU
		{D74FFFF6-1517-4267-B17A-50B09A82302E}.Release|Any CPU.ActiveCfg = Release|Any CPU
		{D74FFFF6-1517-4267-B17A-50B09A82302E}.Release|Any CPU.Build.0 = Release|Any CPU
		{D74FFFF6-1517-4267-B17A-50B09A82302E}.Release|iPhone.ActiveCfg = Release|Any CPU
		{D74FFFF6-1517-4267-B17A-50B09A82302E}.Release|iPhone.Build.0 = Release|Any CPU
		{D74FFFF6-1517-4267-B17A-50B09A82302E}.Release|iPhoneSimulator.ActiveCfg = Release|Any CPU
		{D74FFFF6-1517-4267-B17A-50B09A82302E}.Release|iPhoneSimulator.Build.0 = Release|Any CPU
		{0C7AE0A2-02F3-494E-8A00-22D6C2FD35A1}.Ad-Hoc|iPhone.ActiveCfg = Debug|Any CPU
		{0C7AE0A2-02F3-494E-8A00-22D6C2FD35A1}.Ad-Hoc|iPhone.Build.0 = Debug|Any CPU
		{0C7AE0A2-02F3-494E-8A00-22D6C2FD35A1}.Ad-Hoc|iPhone.Deploy.0 = Debug|Any CPU
		{0C7AE0A2-02F3-494E-8A00-22D6C2FD35A1}.AppStore|iPhone.ActiveCfg = Debug|Any CPU
		{0C7AE0A2-02F3-494E-8A00-22D6C2FD35A1}.AppStore|iPhone.Build.0 = Debug|Any CPU
		{0C7AE0A2-02F3-494E-8A00-22D6C2FD35A1}.AppStore|iPhone.Deploy.0 = Debug|Any CPU
		{0C7AE0A2-02F3-494E-8A00-22D6C2FD35A1}.Debug|Any CPU.ActiveCfg = Debug|Any CPU
		{0C7AE0A2-02F3-494E-8A00-22D6C2FD35A1}.Debug|Any CPU.Build.0 = Debug|Any CPU
		{0C7AE0A2-02F3-494E-8A00-22D6C2FD35A1}.Debug|Any CPU.Deploy.0 = Debug|Any CPU
		{0C7AE0A2-02F3-494E-8A00-22D6C2FD35A1}.Debug|iPhone.ActiveCfg = Debug|Any CPU
		{0C7AE0A2-02F3-494E-8A00-22D6C2FD35A1}.Debug|iPhone.Build.0 = Debug|Any CPU
		{0C7AE0A2-02F3-494E-8A00-22D6C2FD35A1}.Debug|iPhone.Deploy.0 = Debug|Any CPU
		{0C7AE0A2-02F3-494E-8A00-22D6C2FD35A1}.Debug|iPhoneSimulator.ActiveCfg = Debug|Any CPU
		{0C7AE0A2-02F3-494E-8A00-22D6C2FD35A1}.Debug|iPhoneSimulator.Build.0 = Debug|Any CPU
		{0C7AE0A2-02F3-494E-8A00-22D6C2FD35A1}.Debug|iPhoneSimulator.Deploy.0 = Debug|Any CPU
		{0C7AE0A2-02F3-494E-8A00-22D6C2FD35A1}.Release|Any CPU.ActiveCfg = Release|Any CPU
		{0C7AE0A2-02F3-494E-8A00-22D6C2FD35A1}.Release|Any CPU.Build.0 = Release|Any CPU
		{0C7AE0A2-02F3-494E-8A00-22D6C2FD35A1}.Release|Any CPU.Deploy.0 = Release|Any CPU
		{0C7AE0A2-02F3-494E-8A00-22D6C2FD35A1}.Release|iPhone.ActiveCfg = Release|Any CPU
		{0C7AE0A2-02F3-494E-8A00-22D6C2FD35A1}.Release|iPhone.Build.0 = Release|Any CPU
		{0C7AE0A2-02F3-494E-8A00-22D6C2FD35A1}.Release|iPhone.Deploy.0 = Release|Any CPU
		{0C7AE0A2-02F3-494E-8A00-22D6C2FD35A1}.Release|iPhoneSimulator.ActiveCfg = Release|Any CPU
		{0C7AE0A2-02F3-494E-8A00-22D6C2FD35A1}.Release|iPhoneSimulator.Build.0 = Release|Any CPU
		{0C7AE0A2-02F3-494E-8A00-22D6C2FD35A1}.Release|iPhoneSimulator.Deploy.0 = Release|Any CPU
		{F03060DC-F8FC-46BF-AD84-63CE64B7EAD3}.Ad-Hoc|iPhone.ActiveCfg = Ad-Hoc|iPhone
		{F03060DC-F8FC-46BF-AD84-63CE64B7EAD3}.Ad-Hoc|iPhone.Build.0 = Ad-Hoc|iPhone
		{F03060DC-F8FC-46BF-AD84-63CE64B7EAD3}.Ad-Hoc|iPhone.Deploy.0 = Ad-Hoc|iPhone
		{F03060DC-F8FC-46BF-AD84-63CE64B7EAD3}.AppStore|iPhone.ActiveCfg = AppStore|iPhone
		{F03060DC-F8FC-46BF-AD84-63CE64B7EAD3}.AppStore|iPhone.Build.0 = AppStore|iPhone
		{F03060DC-F8FC-46BF-AD84-63CE64B7EAD3}.AppStore|iPhone.Deploy.0 = AppStore|iPhone
		{F03060DC-F8FC-46BF-AD84-63CE64B7EAD3}.Debug|Any CPU.ActiveCfg = Debug|iPhoneSimulator
		{F03060DC-F8FC-46BF-AD84-63CE64B7EAD3}.Debug|Any CPU.Build.0 = Debug|iPhoneSimulator
		{F03060DC-F8FC-46BF-AD84-63CE64B7EAD3}.Debug|Any CPU.Deploy.0 = Debug|iPhoneSimulator
		{F03060DC-F8FC-46BF-AD84-63CE64B7EAD3}.Debug|iPhone.ActiveCfg = Debug|iPhone
		{F03060DC-F8FC-46BF-AD84-63CE64B7EAD3}.Debug|iPhone.Build.0 = Debug|iPhone
		{F03060DC-F8FC-46BF-AD84-63CE64B7EAD3}.Debug|iPhone.Deploy.0 = Debug|iPhone
		{F03060DC-F8FC-46BF-AD84-63CE64B7EAD3}.Debug|iPhoneSimulator.ActiveCfg = Debug|iPhoneSimulator
		{F03060DC-F8FC-46BF-AD84-63CE64B7EAD3}.Debug|iPhoneSimulator.Build.0 = Debug|iPhoneSimulator
		{F03060DC-F8FC-46BF-AD84-63CE64B7EAD3}.Debug|iPhoneSimulator.Deploy.0 = Debug|iPhoneSimulator
		{F03060DC-F8FC-46BF-AD84-63CE64B7EAD3}.Release|Any CPU.ActiveCfg = Release|iPhoneSimulator
		{F03060DC-F8FC-46BF-AD84-63CE64B7EAD3}.Release|Any CPU.Build.0 = Release|iPhoneSimulator
		{F03060DC-F8FC-46BF-AD84-63CE64B7EAD3}.Release|Any CPU.Deploy.0 = Release|iPhoneSimulator
		{F03060DC-F8FC-46BF-AD84-63CE64B7EAD3}.Release|iPhone.ActiveCfg = Release|iPhone
		{F03060DC-F8FC-46BF-AD84-63CE64B7EAD3}.Release|iPhone.Build.0 = Release|iPhone
		{F03060DC-F8FC-46BF-AD84-63CE64B7EAD3}.Release|iPhone.Deploy.0 = Release|iPhone
		{F03060DC-F8FC-46BF-AD84-63CE64B7EAD3}.Release|iPhoneSimulator.ActiveCfg = Release|iPhoneSimulator
		{F03060DC-F8FC-46BF-AD84-63CE64B7EAD3}.Release|iPhoneSimulator.Build.0 = Release|iPhoneSimulator
		{F03060DC-F8FC-46BF-AD84-63CE64B7EAD3}.Release|iPhoneSimulator.Deploy.0 = Release|iPhoneSimulator
	EndGlobalSection
EndGlobal
